
Microsoft Visual Studio Solution File, Format Version 12.00
# Visual Studio 15
VisualStudioVersion = 15.0.28307.329
MinimumVisualStudioVersion = 10.0.40219.1
Project("{FAE04EC0-301F-11D3-BF4B-00C04F79EFBC}") = "SQL Update Practice", "SQL Update Practice\SQL Update Practice.csproj", "{FDBE8EA0-0817-4679-86DB-7ECA66ED96DF}"
EndProject
Global
	GlobalSection(SolutionConfigurationPlatforms) = preSolution
		Debug|Any CPU = Debug|Any CPU
		Release|Any CPU = Release|Any CPU
	EndGlobalSection
	GlobalSection(ProjectConfigurationPlatforms) = postSolution
		{FDBE8EA0-0817-4679-86DB-7ECA66ED96DF}.Debug|Any CPU.ActiveCfg = Debug|Any CPU
		{FDBE8EA0-0817-4679-86DB-7ECA66ED96DF}.Debug|Any CPU.Build.0 = Debug|Any CPU
		{FDBE8EA0-0817-4679-86DB-7ECA66ED96DF}.Release|Any CPU.ActiveCfg = Release|Any CPU
		{FDBE8EA0-0817-4679-86DB-7ECA66ED96DF}.Release|Any CPU.Build.0 = Release|Any CPU
	EndGlobalSection
	GlobalSection(SolutionProperties) = preSolution
		HideSolutionNode = FALSE
	EndGlobalSection
	GlobalSection(ExtensibilityGlobals) = postSolution
		SolutionGuid = {1E475089-D4D2-4E43-9710-29BDBBFFF355}
	EndGlobalSection
EndGlobal
